
Microsoft Visual Studio Solution File, Format Version 12.00
# Visual Studio 2012
Project("{2150E333-8FDC-42A3-9474-1A3956D46DE8}") = "Framework", "Framework", "{FEA84903-EBF8-42EE-89C7-4F0F8A0F965A}"
EndProject
Project("{2150E333-8FDC-42A3-9474-1A3956D46DE8}") = "Ax.Framework", "Ax.Framework", "{84F28122-39F0-423A-8D2A-3ABCE0268169}"
EndProject
Project("{2150E333-8FDC-42A3-9474-1A3956D46DE8}") = "Business", "Business", "{D23B661E-58D9-4C3F-8716-3416E7DBA47A}"
EndProject
Project("{2150E333-8FDC-42A3-9474-1A3956D46DE8}") = "Standard", "Standard", "{E5F4DCF7-48F0-4B1D-82C9-351CBE788C73}"
EndProject
Project("{2150E333-8FDC-42A3-9474-1A3956D46DE8}") = "Expand", "Expand", "{B57AFCDA-7D15-4F44-A111-0D6C652A1961}"
EndProject
Project("{2150E333-8FDC-42A3-9474-1A3956D46DE8}") = "Service", "Service", "{E16E5918-962D-4133-BBCC-6AB3667FE470}"
EndProject
Project("{2150E333-8FDC-42A3-9474-1A3956D46DE8}") = "Ax.Service", "Ax.Service", "{44667C00-2156-47F0-AAE9-758F70DB80B7}"
EndProject
Project("{2150E333-8FDC-42A3-9474-1A3956D46DE8}") = "Axp", "Axp", "{EAB3A20B-3B6D-4C5B-AF38-4BFC6DDDA95E}"
EndProject
Project("{FAE04EC0-301F-11D3-BF4B-00C04F79EFBC}") = "Axp.SystemBcf", "Business\Standard\Axp\Axp.SystemBcf\Axp.SystemBcf.csproj", "{9AAE4D20-0310-4895-9331-D5E0614948CF}"
EndProject
Project("{2150E333-8FDC-42A3-9474-1A3956D46DE8}") = "Com", "Com", "{23A3BCA7-BDD9-4624-827E-36970FF52EEE}"
EndProject
Project("{FAE04EC0-301F-11D3-BF4B-00C04F79EFBC}") = "MES_Com.AbnormalBcf", "Business\Standard\Com\MES_Com.AbnormalBcf\MES_Com.AbnormalBcf.csproj", "{9F5301E4-A4FF-4F8F-9A13-3D18E701A3A9}"
EndProject
Project("{FAE04EC0-301F-11D3-BF4B-00C04F79EFBC}") = "MES_Com.MasterDataBcf", "Business\Standard\Com\MES_Com.MasterData\MES_Com.MasterDataBcf.csproj", "{A41E7062-1DFF-40EC-A39D-7333197FDBBF}"
EndProject
Project("{2150E333-8FDC-42A3-9474-1A3956D46DE8}") = "Sys", "Sys", "{85A3871E-7379-42BB-BA23-7A699652F002}"
EndProject
Project("{FAE04EC0-301F-11D3-BF4B-00C04F79EFBC}") = "MES_Sys.UtilsBcf", "Business\Standard\Sys\MES_Sys.UtilsBcf\MES_Sys.UtilsBcf.csproj", "{184F885D-2073-4BBD-BDDA-A438581AB7B5}"
EndProject
Project("{FAE04EC0-301F-11D3-BF4B-00C04F79EFBC}") = "Ax.Server", "Service\Ax.Server\Ax.Server.csproj", "{F3ED2B57-ECCB-40A5-8E4D-0A78F8862775}"
EndProject
Project("{FAE04EC0-301F-11D3-BF4B-00C04F79EFBC}") = "AxCRL.Parser", "Framework\Ax.Framwork\AxCRL.Parser\AxCRL.Parser.csproj", "{0FAD3400-65A1-458F-9280-89925A6F7731}"
EndProject
Project("{FAE04EC0-301F-11D3-BF4B-00C04F79EFBC}") = "AxCRL.Bcf", "Framework\Ax.Framwork\AxCRL.Bcf\AxCRL.Bcf.csproj", "{DE450DF1-2558-4B05-A59D-3BEB1DE64359}"
EndProject
Project("{FAE04EC0-301F-11D3-BF4B-00C04F79EFBC}") = "AxCRL.Comm", "Framework\Ax.Framwork\AxCRL.Comm\AxCRL.Comm.csproj", "{99DFF188-2DD7-474D-9559-19B357A331FF}"
EndProject
Project("{FAE04EC0-301F-11D3-BF4B-00C04F79EFBC}") = "AxCRL.Core", "Framework\Ax.Framwork\AxCRL.Core\AxCRL.Core.csproj", "{966682F1-DCFB-4062-B5D6-F7D43BFBA2E0}"
EndProject
Project("{FAE04EC0-301F-11D3-BF4B-00C04F79EFBC}") = "AxCRL.DataCore", "Framework\Ax.Framwork\AxCRL.DataCore\AxCRL.DataCore.csproj", "{D349B6D8-992F-443F-BB57-57E50DD98794}"
EndProject
Project("{FAE04EC0-301F-11D3-BF4B-00C04F79EFBC}") = "AxCRL.Services", "Framework\Ax.Framwork\AxCRL.Services\AxCRL.Services.csproj", "{CD7ED7C8-35E9-43A5-90BD-134F883E3178}"
EndProject
Project("{FAE04EC0-301F-11D3-BF4B-00C04F79EFBC}") = "AxCRL.Template", "Framework\Ax.Framwork\AxCRL.Template\AxCRL.Template.csproj", "{34ACDB52-11E2-4390-9B82-C8178CC19DDE}"
EndProject
Project("{FAE04EC0-301F-11D3-BF4B-00C04F79EFBC}") = "AxSRL.SMS", "Framework\Ax.Framwork\AxSRL.SMS\AxSRL.SMS.csproj", "{EFB06685-8E1C-45DD-9B6E-679B4376F7DA}"
EndProject
Project("{FAE04EC0-301F-11D3-BF4B-00C04F79EFBC}") = "AxCRL.Data", "Framework\Ax.Framwork\AxCRL.Data\AxCRL.Data.csproj", "{86F19EBB-40FE-4674-9D7F-8F9FD3E5C125}"
EndProject
Project("{2150E333-8FDC-42A3-9474-1A3956D46DE8}") = "Dm", "Dm", "{3750C2B9-4410-4ADA-9A46-E063B74E87CA}"
EndProject
Project("{FAE04EC0-301F-11D3-BF4B-00C04F79EFBC}") = "MES_Dm.DocumentDataBcf", "Business\Standard\Dm\MES_Dm.DocumentDataBcf\MES_Dm.DocumentDataBcf.csproj", "{53D0F1F4-A931-47D9-9FCB-D1B1C43A00E6}"
EndProject
Project("{FAE04EC0-301F-11D3-BF4B-00C04F79EFBC}") = "MES_Dm.FullTextRetrieval.Core", "Business\Standard\Dm\MES_Dm.FullTextRetrieval.Core\MES_Dm.FullTextRetrieval.Core.csproj", "{EAB505B1-8546-471E-AAFB-6C6BF54EAAE8}"
EndProject
Project("{FAE04EC0-301F-11D3-BF4B-00C04F79EFBC}") = "MES_Dm_DMCommon", "Business\Standard\Dm\MES_Dm_DMCommon\MES_Dm_DMCommon.csproj", "{0DE5A64A-D6B1-403D-AE56-7431825F4D36}"
EndProject
Global
	GlobalSection(SubversionScc) = preSolution
		Svn-Managed = True
		Manager = AnkhSVN - Subversion Support for Visual Studio
	EndGlobalSection
	GlobalSection(SolutionConfigurationPlatforms) = preSolution
		Basic|Any CPU = Basic|Any CPU
		Debug|Any CPU = Debug|Any CPU
		Extend|Any CPU = Extend|Any CPU
		Release|Any CPU = Release|Any CPU
	EndGlobalSection
	GlobalSection(ProjectConfigurationPlatforms) = postSolution
		{9AAE4D20-0310-4895-9331-D5E0614948CF}.Basic|Any CPU.ActiveCfg = Release|Any CPU
		{9AAE4D20-0310-4895-9331-D5E0614948CF}.Basic|Any CPU.Build.0 = Release|Any CPU
		{9AAE4D20-0310-4895-9331-D5E0614948CF}.Debug|Any CPU.ActiveCfg = Debug|Any CPU
		{9AAE4D20-0310-4895-9331-D5E0614948CF}.Debug|Any CPU.Build.0 = Debug|Any CPU
		{9AAE4D20-0310-4895-9331-D5E0614948CF}.Extend|Any CPU.ActiveCfg = Release|Any CPU
		{9AAE4D20-0310-4895-9331-D5E0614948CF}.Extend|Any CPU.Build.0 = Release|Any CPU
		{9AAE4D20-0310-4895-9331-D5E0614948CF}.Release|Any CPU.ActiveCfg = Release|Any CPU
		{9AAE4D20-0310-4895-9331-D5E0614948CF}.Release|Any CPU.Build.0 = Release|Any CPU
		{9F5301E4-A4FF-4F8F-9A13-3D18E701A3A9}.Basic|Any CPU.ActiveCfg = Release|Any CPU
		{9F5301E4-A4FF-4F8F-9A13-3D18E701A3A9}.Basic|Any CPU.Build.0 = Release|Any CPU
		{9F5301E4-A4FF-4F8F-9A13-3D18E701A3A9}.Debug|Any CPU.ActiveCfg = Debug|Any CPU
		{9F5301E4-A4FF-4F8F-9A13-3D18E701A3A9}.Debug|Any CPU.Build.0 = Debug|Any CPU
		{9F5301E4-A4FF-4F8F-9A13-3D18E701A3A9}.Extend|Any CPU.ActiveCfg = Release|Any CPU
		{9F5301E4-A4FF-4F8F-9A13-3D18E701A3A9}.Extend|Any CPU.Build.0 = Release|Any CPU
		{9F5301E4-A4FF-4F8F-9A13-3D18E701A3A9}.Release|Any CPU.ActiveCfg = Release|Any CPU
		{9F5301E4-A4FF-4F8F-9A13-3D18E701A3A9}.Release|Any CPU.Build.0 = Release|Any CPU
		{A41E7062-1DFF-40EC-A39D-7333197FDBBF}.Basic|Any CPU.ActiveCfg = Release|Any CPU
		{A41E7062-1DFF-40EC-A39D-7333197FDBBF}.Basic|Any CPU.Build.0 = Release|Any CPU
		{A41E7062-1DFF-40EC-A39D-7333197FDBBF}.Debug|Any CPU.ActiveCfg = Debug|Any CPU
		{A41E7062-1DFF-40EC-A39D-7333197FDBBF}.Debug|Any CPU.Build.0 = Debug|Any CPU
		{A41E7062-1DFF-40EC-A39D-7333197FDBBF}.Extend|Any CPU.ActiveCfg = Release|Any CPU
		{A41E7062-1DFF-40EC-A39D-7333197FDBBF}.Extend|Any CPU.Build.0 = Release|Any CPU
		{A41E7062-1DFF-40EC-A39D-7333197FDBBF}.Release|Any CPU.ActiveCfg = Release|Any CPU
		{A41E7062-1DFF-40EC-A39D-7333197FDBBF}.Release|Any CPU.Build.0 = Release|Any CPU
		{184F885D-2073-4BBD-BDDA-A438581AB7B5}.Basic|Any CPU.ActiveCfg = Release|Any CPU
		{184F885D-2073-4BBD-BDDA-A438581AB7B5}.Basic|Any CPU.Build.0 = Release|Any CPU
		{184F885D-2073-4BBD-BDDA-A438581AB7B5}.Debug|Any CPU.ActiveCfg = Debug|Any CPU
		{184F885D-2073-4BBD-BDDA-A438581AB7B5}.Debug|Any CPU.Build.0 = Debug|Any CPU
		{184F885D-2073-4BBD-BDDA-A438581AB7B5}.Extend|Any CPU.ActiveCfg = Release|Any CPU
		{184F885D-2073-4BBD-BDDA-A438581AB7B5}.Extend|Any CPU.Build.0 = Release|Any CPU
		{184F885D-2073-4BBD-BDDA-A438581AB7B5}.Release|Any CPU.ActiveCfg = Release|Any CPU
		{184F885D-2073-4BBD-BDDA-A438581AB7B5}.Release|Any CPU.Build.0 = Release|Any CPU
		{F3ED2B57-ECCB-40A5-8E4D-0A78F8862775}.Basic|Any CPU.ActiveCfg = Release|Any CPU
		{F3ED2B57-ECCB-40A5-8E4D-0A78F8862775}.Basic|Any CPU.Build.0 = Release|Any CPU
		{F3ED2B57-ECCB-40A5-8E4D-0A78F8862775}.Debug|Any CPU.ActiveCfg = Debug|Any CPU
		{F3ED2B57-ECCB-40A5-8E4D-0A78F8862775}.Debug|Any CPU.Build.0 = Debug|Any CPU
		{F3ED2B57-ECCB-40A5-8E4D-0A78F8862775}.Extend|Any CPU.ActiveCfg = Release|Any CPU
		{F3ED2B57-ECCB-40A5-8E4D-0A78F8862775}.Extend|Any CPU.Build.0 = Release|Any CPU
		{F3ED2B57-ECCB-40A5-8E4D-0A78F8862775}.Release|Any CPU.ActiveCfg = Release|Any CPU
		{F3ED2B57-ECCB-40A5-8E4D-0A78F8862775}.Release|Any CPU.Build.0 = Release|Any CPU
		{0FAD3400-65A1-458F-9280-89925A6F7731}.Basic|Any CPU.ActiveCfg = Basic|Any CPU
		{0FAD3400-65A1-458F-9280-89925A6F7731}.Basic|Any CPU.Build.0 = Basic|Any CPU
		{0FAD3400-65A1-458F-9280-89925A6F7731}.Debug|Any CPU.ActiveCfg = Debug|Any CPU
		{0FAD3400-65A1-458F-9280-89925A6F7731}.Debug|Any CPU.Build.0 = Debug|Any CPU
		{0FAD3400-65A1-458F-9280-89925A6F7731}.Extend|Any CPU.ActiveCfg = Extend|Any CPU
		{0FAD3400-65A1-458F-9280-89925A6F7731}.Extend|Any CPU.Build.0 = Extend|Any CPU
		{0FAD3400-65A1-458F-9280-89925A6F7731}.Release|Any CPU.ActiveCfg = Release|Any CPU
		{0FAD3400-65A1-458F-9280-89925A6F7731}.Release|Any CPU.Build.0 = Release|Any CPU
		{DE450DF1-2558-4B05-A59D-3BEB1DE64359}.Basic|Any CPU.ActiveCfg = Release|Any CPU
		{DE450DF1-2558-4B05-A59D-3BEB1DE64359}.Basic|Any CPU.Build.0 = Release|Any CPU
		{DE450DF1-2558-4B05-A59D-3BEB1DE64359}.Debug|Any CPU.ActiveCfg = Debug|Any CPU
		{DE450DF1-2558-4B05-A59D-3BEB1DE64359}.Debug|Any CPU.Build.0 = Debug|Any CPU
		{DE450DF1-2558-4B05-A59D-3BEB1DE64359}.Extend|Any CPU.ActiveCfg = Release|Any CPU
		{DE450DF1-2558-4B05-A59D-3BEB1DE64359}.Extend|Any CPU.Build.0 = Release|Any CPU
		{DE450DF1-2558-4B05-A59D-3BEB1DE64359}.Release|Any CPU.ActiveCfg = Release|Any CPU
		{DE450DF1-2558-4B05-A59D-3BEB1DE64359}.Release|Any CPU.Build.0 = Release|Any CPU
		{99DFF188-2DD7-474D-9559-19B357A331FF}.Basic|Any CPU.ActiveCfg = Release|Any CPU
		{99DFF188-2DD7-474D-9559-19B357A331FF}.Basic|Any CPU.Build.0 = Release|Any CPU
		{99DFF188-2DD7-474D-9559-19B357A331FF}.Debug|Any CPU.ActiveCfg = Debug|Any CPU
		{99DFF188-2DD7-474D-9559-19B357A331FF}.Debug|Any CPU.Build.0 = Debug|Any CPU
		{99DFF188-2DD7-474D-9559-19B357A331FF}.Extend|Any CPU.ActiveCfg = Release|Any CPU
		{99DFF188-2DD7-474D-9559-19B357A331FF}.Extend|Any CPU.Build.0 = Release|Any CPU
		{99DFF188-2DD7-474D-9559-19B357A331FF}.Release|Any CPU.ActiveCfg = Release|Any CPU
		{99DFF188-2DD7-474D-9559-19B357A331FF}.Release|Any CPU.Build.0 = Release|Any CPU
		{966682F1-DCFB-4062-B5D6-F7D43BFBA2E0}.Basic|Any CPU.ActiveCfg = Release|Any CPU
		{966682F1-DCFB-4062-B5D6-F7D43BFBA2E0}.Basic|Any CPU.Build.0 = Release|Any CPU
		{966682F1-DCFB-4062-B5D6-F7D43BFBA2E0}.Debug|Any CPU.ActiveCfg = Debug|Any CPU
		{966682F1-DCFB-4062-B5D6-F7D43BFBA2E0}.Debug|Any CPU.Build.0 = Debug|Any CPU
		{966682F1-DCFB-4062-B5D6-F7D43BFBA2E0}.Extend|Any CPU.ActiveCfg = Release|Any CPU
		{966682F1-DCFB-4062-B5D6-F7D43BFBA2E0}.Extend|Any CPU.Build.0 = Release|Any CPU
		{966682F1-DCFB-4062-B5D6-F7D43BFBA2E0}.Release|Any CPU.ActiveCfg = Release|Any CPU
		{966682F1-DCFB-4062-B5D6-F7D43BFBA2E0}.Release|Any CPU.Build.0 = Release|Any CPU
		{D349B6D8-992F-443F-BB57-57E50DD98794}.Basic|Any CPU.ActiveCfg = Release|Any CPU
		{D349B6D8-992F-443F-BB57-57E50DD98794}.Basic|Any CPU.Build.0 = Release|Any CPU
		{D349B6D8-992F-443F-BB57-57E50DD98794}.Debug|Any CPU.ActiveCfg = Debug|Any CPU
		{D349B6D8-992F-443F-BB57-57E50DD98794}.Debug|Any CPU.Build.0 = Debug|Any CPU
		{D349B6D8-992F-443F-BB57-57E50DD98794}.Extend|Any CPU.ActiveCfg = Release|Any CPU
		{D349B6D8-992F-443F-BB57-57E50DD98794}.Extend|Any CPU.Build.0 = Release|Any CPU
		{D349B6D8-992F-443F-BB57-57E50DD98794}.Release|Any CPU.ActiveCfg = Release|Any CPU
		{D349B6D8-992F-443F-BB57-57E50DD98794}.Release|Any CPU.Build.0 = Release|Any CPU
		{CD7ED7C8-35E9-43A5-90BD-134F883E3178}.Basic|Any CPU.ActiveCfg = Release|Any CPU
		{CD7ED7C8-35E9-43A5-90BD-134F883E3178}.Basic|Any CPU.Build.0 = Release|Any CPU
		{CD7ED7C8-35E9-43A5-90BD-134F883E3178}.Debug|Any CPU.ActiveCfg = Debug|Any CPU
		{CD7ED7C8-35E9-43A5-90BD-134F883E3178}.Debug|Any CPU.Build.0 = Debug|Any CPU
		{CD7ED7C8-35E9-43A5-90BD-134F883E3178}.Extend|Any CPU.ActiveCfg = Release|Any CPU
		{CD7ED7C8-35E9-43A5-90BD-134F883E3178}.Extend|Any CPU.Build.0 = Release|Any CPU
		{CD7ED7C8-35E9-43A5-90BD-134F883E3178}.Release|Any CPU.ActiveCfg = Release|Any CPU
		{CD7ED7C8-35E9-43A5-90BD-134F883E3178}.Release|Any CPU.Build.0 = Release|Any CPU
		{34ACDB52-11E2-4390-9B82-C8178CC19DDE}.Basic|Any CPU.ActiveCfg = Release|Any CPU
		{34ACDB52-11E2-4390-9B82-C8178CC19DDE}.Basic|Any CPU.Build.0 = Release|Any CPU
		{34ACDB52-11E2-4390-9B82-C8178CC19DDE}.Debug|Any CPU.ActiveCfg = Debug|Any CPU
		{34ACDB52-11E2-4390-9B82-C8178CC19DDE}.Debug|Any CPU.Build.0 = Debug|Any CPU
		{34ACDB52-11E2-4390-9B82-C8178CC19DDE}.Extend|Any CPU.ActiveCfg = Release|Any CPU
		{34ACDB52-11E2-4390-9B82-C8178CC19DDE}.Extend|Any CPU.Build.0 = Release|Any CPU
		{34ACDB52-11E2-4390-9B82-C8178CC19DDE}.Release|Any CPU.ActiveCfg = Release|Any CPU
		{34ACDB52-11E2-4390-9B82-C8178CC19DDE}.Release|Any CPU.Build.0 = Release|Any CPU
		{EFB06685-8E1C-45DD-9B6E-679B4376F7DA}.Basic|Any CPU.ActiveCfg = Release|Any CPU
		{EFB06685-8E1C-45DD-9B6E-679B4376F7DA}.Basic|Any CPU.Build.0 = Release|Any CPU
		{EFB06685-8E1C-45DD-9B6E-679B4376F7DA}.Debug|Any CPU.ActiveCfg = Debug|Any CPU
		{EFB06685-8E1C-45DD-9B6E-679B4376F7DA}.Debug|Any CPU.Build.0 = Debug|Any CPU
		{EFB06685-8E1C-45DD-9B6E-679B4376F7DA}.Extend|Any CPU.ActiveCfg = Release|Any CPU
		{EFB06685-8E1C-45DD-9B6E-679B4376F7DA}.Extend|Any CPU.Build.0 = Release|Any CPU
		{EFB06685-8E1C-45DD-9B6E-679B4376F7DA}.Release|Any CPU.ActiveCfg = Release|Any CPU
		{EFB06685-8E1C-45DD-9B6E-679B4376F7DA}.Release|Any CPU.Build.0 = Release|Any CPU
		{86F19EBB-40FE-4674-9D7F-8F9FD3E5C125}.Basic|Any CPU.ActiveCfg = Release|Any CPU
		{86F19EBB-40FE-4674-9D7F-8F9FD3E5C125}.Basic|Any CPU.Build.0 = Release|Any CPU
		{86F19EBB-40FE-4674-9D7F-8F9FD3E5C125}.Debug|Any CPU.ActiveCfg = Debug|Any CPU
		{86F19EBB-40FE-4674-9D7F-8F9FD3E5C125}.Debug|Any CPU.Build.0 = Debug|Any CPU
		{86F19EBB-40FE-4674-9D7F-8F9FD3E5C125}.Extend|Any CPU.ActiveCfg = Release|Any CPU
		{86F19EBB-40FE-4674-9D7F-8F9FD3E5C125}.Extend|Any CPU.Build.0 = Release|Any CPU
		{86F19EBB-40FE-4674-9D7F-8F9FD3E5C125}.Release|Any CPU.ActiveCfg = Release|Any CPU
		{86F19EBB-40FE-4674-9D7F-8F9FD3E5C125}.Release|Any CPU.Build.0 = Release|Any CPU
		{53D0F1F4-A931-47D9-9FCB-D1B1C43A00E6}.Basic|Any CPU.ActiveCfg = Release|Any CPU
		{53D0F1F4-A931-47D9-9FCB-D1B1C43A00E6}.Basic|Any CPU.Build.0 = Release|Any CPU
		{53D0F1F4-A931-47D9-9FCB-D1B1C43A00E6}.Debug|Any CPU.ActiveCfg = Debug|Any CPU
		{53D0F1F4-A931-47D9-9FCB-D1B1C43A00E6}.Debug|Any CPU.Build.0 = Debug|Any CPU
		{53D0F1F4-A931-47D9-9FCB-D1B1C43A00E6}.Extend|Any CPU.ActiveCfg = Release|Any CPU
		{53D0F1F4-A931-47D9-9FCB-D1B1C43A00E6}.Extend|Any CPU.Build.0 = Release|Any CPU
		{53D0F1F4-A931-47D9-9FCB-D1B1C43A00E6}.Release|Any CPU.ActiveCfg = Release|Any CPU
		{53D0F1F4-A931-47D9-9FCB-D1B1C43A00E6}.Release|Any CPU.Build.0 = Release|Any CPU
		{EAB505B1-8546-471E-AAFB-6C6BF54EAAE8}.Basic|Any CPU.ActiveCfg = Release|Any CPU
		{EAB505B1-8546-471E-AAFB-6C6BF54EAAE8}.Basic|Any CPU.Build.0 = Release|Any CPU
		{EAB505B1-8546-471E-AAFB-6C6BF54EAAE8}.Debug|Any CPU.ActiveCfg = Debug|Any CPU
		{EAB505B1-8546-471E-AAFB-6C6BF54EAAE8}.Debug|Any CPU.Build.0 = Debug|Any CPU
		{EAB505B1-8546-471E-AAFB-6C6BF54EAAE8}.Extend|Any CPU.ActiveCfg = Release|Any CPU
		{EAB505B1-8546-471E-AAFB-6C6BF54EAAE8}.Extend|Any CPU.Build.0 = Release|Any CPU
		{EAB505B1-8546-471E-AAFB-6C6BF54EAAE8}.Release|Any CPU.ActiveCfg = Release|Any CPU
		{EAB505B1-8546-471E-AAFB-6C6BF54EAAE8}.Release|Any CPU.Build.0 = Release|Any CPU
		{0DE5A64A-D6B1-403D-AE56-7431825F4D36}.Basic|Any CPU.ActiveCfg = Release|Any CPU
		{0DE5A64A-D6B1-403D-AE56-7431825F4D36}.Basic|Any CPU.Build.0 = Release|Any CPU
		{0DE5A64A-D6B1-403D-AE56-7431825F4D36}.Debug|Any CPU.ActiveCfg = Debug|Any CPU
		{0DE5A64A-D6B1-403D-AE56-7431825F4D36}.Debug|Any CPU.Build.0 = Debug|Any CPU
		{0DE5A64A-D6B1-403D-AE56-7431825F4D36}.Extend|Any CPU.ActiveCfg = Release|Any CPU
		{0DE5A64A-D6B1-403D-AE56-7431825F4D36}.Extend|Any CPU.Build.0 = Release|Any CPU
		{0DE5A64A-D6B1-403D-AE56-7431825F4D36}.Release|Any CPU.ActiveCfg = Release|Any CPU
		{0DE5A64A-D6B1-403D-AE56-7431825F4D36}.Release|Any CPU.Build.0 = Release|Any CPU
	EndGlobalSection
	GlobalSection(SolutionProperties) = preSolution
		HideSolutionNode = FALSE
	EndGlobalSection
	GlobalSection(NestedProjects) = preSolution
		{84F28122-39F0-423A-8D2A-3ABCE0268169} = {FEA84903-EBF8-42EE-89C7-4F0F8A0F965A}
		{0FAD3400-65A1-458F-9280-89925A6F7731} = {84F28122-39F0-423A-8D2A-3ABCE0268169}
		{DE450DF1-2558-4B05-A59D-3BEB1DE64359} = {84F28122-39F0-423A-8D2A-3ABCE0268169}
		{99DFF188-2DD7-474D-9559-19B357A331FF} = {84F28122-39F0-423A-8D2A-3ABCE0268169}
		{966682F1-DCFB-4062-B5D6-F7D43BFBA2E0} = {84F28122-39F0-423A-8D2A-3ABCE0268169}
		{D349B6D8-992F-443F-BB57-57E50DD98794} = {84F28122-39F0-423A-8D2A-3ABCE0268169}
		{CD7ED7C8-35E9-43A5-90BD-134F883E3178} = {84F28122-39F0-423A-8D2A-3ABCE0268169}
		{34ACDB52-11E2-4390-9B82-C8178CC19DDE} = {84F28122-39F0-423A-8D2A-3ABCE0268169}
		{EFB06685-8E1C-45DD-9B6E-679B4376F7DA} = {84F28122-39F0-423A-8D2A-3ABCE0268169}
		{86F19EBB-40FE-4674-9D7F-8F9FD3E5C125} = {84F28122-39F0-423A-8D2A-3ABCE0268169}
		{E5F4DCF7-48F0-4B1D-82C9-351CBE788C73} = {D23B661E-58D9-4C3F-8716-3416E7DBA47A}
		{B57AFCDA-7D15-4F44-A111-0D6C652A1961} = {D23B661E-58D9-4C3F-8716-3416E7DBA47A}
		{EAB3A20B-3B6D-4C5B-AF38-4BFC6DDDA95E} = {E5F4DCF7-48F0-4B1D-82C9-351CBE788C73}
		{23A3BCA7-BDD9-4624-827E-36970FF52EEE} = {E5F4DCF7-48F0-4B1D-82C9-351CBE788C73}
		{85A3871E-7379-42BB-BA23-7A699652F002} = {E5F4DCF7-48F0-4B1D-82C9-351CBE788C73}
		{3750C2B9-4410-4ADA-9A46-E063B74E87CA} = {E5F4DCF7-48F0-4B1D-82C9-351CBE788C73}
		{44667C00-2156-47F0-AAE9-758F70DB80B7} = {E16E5918-962D-4133-BBCC-6AB3667FE470}
		{F3ED2B57-ECCB-40A5-8E4D-0A78F8862775} = {44667C00-2156-47F0-AAE9-758F70DB80B7}
		{9AAE4D20-0310-4895-9331-D5E0614948CF} = {EAB3A20B-3B6D-4C5B-AF38-4BFC6DDDA95E}
		{9F5301E4-A4FF-4F8F-9A13-3D18E701A3A9} = {23A3BCA7-BDD9-4624-827E-36970FF52EEE}
		{A41E7062-1DFF-40EC-A39D-7333197FDBBF} = {23A3BCA7-BDD9-4624-827E-36970FF52EEE}
		{184F885D-2073-4BBD-BDDA-A438581AB7B5} = {85A3871E-7379-42BB-BA23-7A699652F002}
		{53D0F1F4-A931-47D9-9FCB-D1B1C43A00E6} = {3750C2B9-4410-4ADA-9A46-E063B74E87CA}
		{EAB505B1-8546-471E-AAFB-6C6BF54EAAE8} = {3750C2B9-4410-4ADA-9A46-E063B74E87CA}
		{0DE5A64A-D6B1-403D-AE56-7431825F4D36} = {3750C2B9-4410-4ADA-9A46-E063B74E87CA}
	EndGlobalSection
EndGlobal
